PODS:
  - ANPlayerController (0.1.0):
    - SnapKit (>= 3.0.0)
  - SDWebImage (3.8.1):
    - SDWebImage/Core (= 3.8.1)
  - SDWebImage/Core (3.8.1)
  - SnapKit (3.0.0)

DEPENDENCIES:
  - ANPlayerController (from `../`)
  - SDWebImage
  - SnapKit (>= 3.0.0)

EXTERNAL SOURCES:
  ANPlayerController:
    :path: "../"

SPEC CHECKSUMS:
  ANPlayerController: 90efe014cdf8233349f135ea5ece354a017e4a1e
  SDWebImage: 35f9627a3e44b4f292a8a8ce6a531fa488239b91
  SnapKit: 98af0a4e9369d3c58f758967518081dbdc7eb1d9

PODFILE CHECKSUM: f9be46c8da2aad2927a646d77bec760d86264803

COCOAPODS: 1.1.0.rc.2
